{
  "name": "CyberSlayers",
  "lockfileVersion": 3,
  "requires": true,
  "packages": {
    "": {
      "dependencies": {
        "bad-words": "^4.0.0",
        "react-confetti": "^6.4.0",
        "start": "^5.1.0"
      }
    },
    "node_modules/bad-words": {
      "version": "4.0.0",
      "resolved": "https://registry.npmjs.org/bad-words/-/bad-words-4.0.0.tgz",
      "integrity": "sha512-fLjG/I0N3I7xhurqGnGitSRD10UeEE63a7hyXtutQDpxo4+Eal+i7veWeZxZJPNtsl6X1mUIoWPwt8gQ7NMQUw==",
      "license": "MIT",
      "dependencies": {
        "badwords-list": "^2.0.1-4"
      },
      "engines": {
        "node": ">=8.0.0"
      }
    },
    "node_modules/badwords-list": {
      "version": "2.0.1-4",
      "resolved": "https://registry.npmjs.org/badwords-list/-/badwords-list-2.0.1-4.tgz",
      "integrity": "sha512-FxfZUp7B9yCnesNtFQS9v6PvZdxTYa14Q60JR6vhjdQdWI4naTjJIyx22JzoER8ooeT8SAAKoHLjKfCV7XgYUQ==",
      "license": "MIT"
    },
    "node_modules/react": {
      "version": "19.2.0",
      "resolved": "https://registry.npmjs.org/react/-/react-19.2.0.tgz",
      "integrity": "sha512-tmbWg6W31tQLeB5cdIBOicJDJRR2KzXsV7uSK9iNfLWQ5bIZfxuPEHp7M8wiHyHnn0DD1i7w3Zmin0FtkrwoCQ==",
      "license": "MIT",
      "peer": true,
      "engines": {
        "node": ">=0.10.0"
      }
    },
    "node_modules/react-confetti": {
      "version": "6.4.0",
      "resolved": "https://registry.npmjs.org/react-confetti/-/react-confetti-6.4.0.tgz",
      "integrity": "sha512-5MdGUcqxrTU26I2EU7ltkWPwxvucQTuqMm8dUz72z2YMqTD6s9vMcDUysk7n9jnC+lXuCPeJJ7Knf98VEYE9Rg==",
      "license": "MIT",
      "dependencies": {
        "tween-functions": "^1.2.0"
      },
      "engines": {
        "node": ">=16"
      },
      "peerDependencies": {
        "react": "^16.3.0 || ^17.0.1 || ^18.0.0 || ^19.0.0"
      }
    },
    "node_modules/start": {
      "version": "5.1.0",
      "resolved": "https://registry.npmjs.org/start/-/start-5.1.0.tgz",
      "integrity": "sha512-lirwWQmvBC65bnxU3HzKx5m7vfZJZTx/FrKyPWbtobcvujGbinQQRrNodtcgkp4mTZ00umzDeg7lraN351l0aA==",
      "deprecated": "Deprecated in favor of https://github.com/deepsweet/start",
      "license": "MIT",
      "engines": {
        "node": ">=4"
      }
    },
    "node_modules/tween-functions": {
      "version": "1.2.0",
      "resolved": "https://registry.npmjs.org/tween-functions/-/tween-functions-1.2.0.tgz",
      "integrity": "sha512-PZBtLYcCLtEcjL14Fzb1gSxPBeL7nWvGhO5ZFPGqziCcr8uvHp0NDmdjBchp6KHL+tExcg0m3NISmKxhU394dA==",
      "license": "BSD"
    }
  }
}
